// !$*UTF8*$!
{
	archiveVersion = 1;
	classes = {
	};
	objectVersion = 42;
	objects = {

/* Begin PBXBuildFile section */
		06980ff65ed01afe2bcaad5e92e994fd /* ofxSimpleGuiConfig.cpp in Sources */ = {isa = PBXBuildFile; fileRef = 434f6d1bd9d80bffafa18b0904eb6fbc /* ofxSimpleGuiConfig.cpp */; };
		1f910dcf02326b0e25059352edd39c0c /* ofxSimpleGuiPage.cpp in Sources */ = {isa = PBXBuildFile; fileRef = fd30123cd06421602730f58647372e52 /* ofxSimpleGuiPage.cpp */; };
		2c776d21a9559288b0f7aed9b1be072d /* ofxSimpleGuiMovieSlider.cpp in Sources */ = {isa = PBXBuildFile; fileRef = 8445ea9a5fd9905881cbb8a624e1cf51 /* ofxSimpleGuiMovieSlider.cpp */; };
		2dd56bbc82953d6ae0a018bfad910b7d /* ofxSimpleGuiComboBox.cpp in Sources */ = {isa = PBXBuildFile; fileRef = b8e04ba7dcfb448a2ed1ec25aead7222 /* ofxSimpleGuiComboBox.cpp */; };
		3317b76ee9202b4c6482d15c4ec6cc7b /* ofxSimpleGuiToggle.cpp in Sources */ = {isa = PBXBuildFile; fileRef = 1c56b6200d48da052208be05afd7bde7 /* ofxSimpleGuiToggle.cpp */; };
		49073c5c875b61f6d54cf6ab8584e712 /* ofxSimpleGuiQuadWarp.cpp in Sources */ = {isa = PBXBuildFile; fileRef = 39b743be64c2fc3fc8c221637b98639e /* ofxSimpleGuiQuadWarp.cpp */; };
		495e773e470ff7c742646e77652f964d /* ofxSimpleGuiContent.cpp in Sources */ = {isa = PBXBuildFile; fileRef = cd862afb8eff69d2b30a7293a307d7d7 /* ofxSimpleGuiContent.cpp */; };
		49890708c36fa822fc58a60b78029bb3 /* ofxSimpleGuiFPSCounter.cpp in Sources */ = {isa = PBXBuildFile; fileRef = 3c4855735366aec807a7cf36cd8a0f88 /* ofxSimpleGuiFPSCounter.cpp */; };
		5a4349e9754d6fa14c0f2a3a1abc30b6 /* tinyxmlparser.cpp in Sources */ = {isa = PBXBuildFile; fileRef = fc5da1c87211d4f6377da7199d8c5a1e /* tinyxmlparser.cpp */; };
		63b57ac5bf4ef088491e0317dbb2ecaa /* ofxXmlSettings.cpp in Sources */ = {isa = PBXBuildFile; fileRef = 50df87d612c5aae17aafa6c02c6bc570 /* ofxXmlSettings.cpp */; };
		76f1472575bcca088fe3454bc580db3c /* ofxSimpleGuiSlider2d.cpp in Sources */ = {isa = PBXBuildFile; fileRef = 5eaf0a3cb08e81512bb99f6862e34387 /* ofxSimpleGuiSlider2d.cpp */; };
		7f8d13cd42f89d3284829cf0a5a4cba1 /* ofxSimpleGuiValueControl.cpp in Sources */ = {isa = PBXBuildFile; fileRef = f9d0aee8fc68bfd57948548050da23ce /* ofxSimpleGuiValueControl.cpp */; };
		8ce60c8f4001811d5b27d0f8f82c8148 /* ofxSimpleGuiControl.cpp in Sources */ = {isa = PBXBuildFile; fileRef = a5c54a5752a9362986db5b350961b7de /* ofxSimpleGuiControl.cpp */; };
		933a2227713c720ceff80fd967d0a8ee /* tinyxml.cpp in Sources */ = {isa = PBXBuildFile; fileRef = 2b40eda85beb63e46785bc299a638898 /* tinyxml.cpp */; };
		95e7ef0d58b6654ee78aa86474800394 /* ofxProjectorBlend.cpp in Sources */ = {isa = PBXBuildFile; fileRef = 9471c904ee31a6fe40f5a0d52a0799c0 /* ofxProjectorBlend.cpp */; };
		9d44dc88ef9e7991b4a09951e2e4769f /* tinyxmlerror.cpp in Sources */ = {isa = PBXBuildFile; fileRef = 832bdc407620cdba568b713d2252c43c /* tinyxmlerror.cpp */; };
		BBAB23CB13894F3D00AA2426 /* GLUT.framework in CopyFiles */ = {isa = PBXBuildFile; fileRef = BBAB23BE13894E4700AA2426 /* GLUT.framework */; };
		E4328149138ABC9F0047C5CB /* openFrameworksDebug.a in Frameworks */ = {isa = PBXBuildFile; fileRef = E4328148138ABC890047C5CB /* openFrameworksDebug.a */; };
		E45BE97B0E8CC7DD009D7055 /* AGL.framework in Frameworks */ = {isa = PBXBuildFile; fileRef = E45BE9710E8CC7DD009D7055 /* AGL.framework */; };
		E45BE97C0E8CC7DD009D7055 /* ApplicationServices.framework in Frameworks */ = {isa = PBXBuildFile; fileRef = E45BE9720E8CC7DD009D7055 /* ApplicationServices.framework */; };
		E45BE97D0E8CC7DD009D7055 /* AudioToolbox.framework in Frameworks */ = {isa = PBXBuildFile; fileRef = E45BE9730E8CC7DD009D7055 /* AudioToolbox.framework */; };
		E45BE97E0E8CC7DD009D7055 /* Carbon.framework in Frameworks */ = {isa = PBXBuildFile; fileRef = E45BE9740E8CC7DD009D7055 /* Carbon.framework */; };
		E45BE97F0E8CC7DD009D7055 /* CoreAudio.framework in Frameworks */ = {isa = PBXBuildFile; fileRef = E45BE9750E8CC7DD009D7055 /* CoreAudio.framework */; };
		E45BE9800E8CC7DD009D7055 /* CoreFoundation.framework in Frameworks */ = {isa = PBXBuildFile; fileRef = E45BE9760E8CC7DD009D7055 /* CoreFoundation.framework */; };
		E45BE9810E8CC7DD009D7055 /* CoreServices.framework in Frameworks */ = {isa = PBXBuildFile; fileRef = E45BE9770E8CC7DD009D7055 /* CoreServices.framework */; };
		E45BE9830E8CC7DD009D7055 /* OpenGL.framework in Frameworks */ = {isa = PBXBuildFile; fileRef = E45BE9790E8CC7DD009D7055 /* OpenGL.framework */; };
		E45BE9840E8CC7DD009D7055 /* QuickTime.framework in Frameworks */ = {isa = PBXBuildFile; fileRef = E45BE97A0E8CC7DD009D7055 /* QuickTime.framework */; };
		E4B69E200A3A1BDC003C02F2 /* main.cpp in Sources */ = {isa = PBXBuildFile; fileRef = E4B69E1D0A3A1BDC003C02F2 /* main.cpp */; };
		E4B69E210A3A1BDC003C02F2 /* testApp.cpp in Sources */ = {isa = PBXBuildFile; fileRef = E4B69E1E0A3A1BDC003C02F2 /* testApp.cpp */; };
		E4C2424710CC5A17004149E2 /* AppKit.framework in Frameworks */ = {isa = PBXBuildFile; fileRef = E4C2424410CC5A17004149E2 /* AppKit.framework */; };
		E4C2424810CC5A17004149E2 /* Cocoa.framework in Frameworks */ = {isa = PBXBuildFile; fileRef = E4C2424510CC5A17004149E2 /* Cocoa.framework */; };
		E4C2424910CC5A17004149E2 /* IOKit.framework in Frameworks */ = {isa = PBXBuildFile; fileRef = E4C2424610CC5A17004149E2 /* IOKit.framework */; };
		E4EB6799138ADC1D00A09F29 /* GLUT.framework in Frameworks */ = {isa = PBXBuildFile; fileRef = BBAB23BE13894E4700AA2426 /* GLUT.framework */; };
		E7E077E515D3B63C0020DFD4 /* CoreVideo.framework in Frameworks */ = {isa = PBXBuildFile; fileRef = E7E077E415D3B63C0020DFD4 /* CoreVideo.framework */; };
		E7E077E815D3B6510020DFD4 /* QTKit.framework in Frameworks */ = {isa = PBXBuildFile; fileRef = E7E077E715D3B6510020DFD4 /* QTKit.framework */; };
		E7F985F815E0DEA3003869B5 /* Accelerate.framework in Frameworks */ = {isa = PBXBuildFile; fileRef = E7F985F515E0DE99003869B5 /* Accelerate.framework */; };
		a0b7f6a3ec34b4f84321385da811b467 /* ofxSimpleGuiButton.cpp in Sources */ = {isa = PBXBuildFile; fileRef = 7eb99f95be2d12cc78d7890339c79ead /* ofxSimpleGuiButton.cpp */; };
		c2ed558d391ba9692d3bf70567fb7804 /* ofxSimpleGuiToo.cpp in Sources */ = {isa = PBXBuildFile; fileRef = cd6833700340995a484f6405e32bad9a /* ofxSimpleGuiToo.cpp */; };
		cf142a7d9914b99e6e2870527205bee8 /* ofxSimpleGuiTitle.cpp in Sources */ = {isa = PBXBuildFile; fileRef = 7a7cbac306f060bbc794c4f031710694 /* ofxSimpleGuiTitle.cpp */; };
		d1395dd979998dcffa40acaccf9ff1f5 /* ofxMSAInteractiveObject.cpp in Sources */ = {isa = PBXBuildFile; fileRef = ce0949c9f18be455d5e6cd1073edc166 /* ofxMSAInteractiveObject.cpp */; };
		e39bf54c7233c89a5bb421748863e43d /* ofxSimpleGuiColorPicker.cpp in Sources */ = {isa = PBXBuildFile; fileRef = 37be47726868d2acd7e5ce49194a7984 /* ofxSimpleGuiColorPicker.cpp */; };
/* End PBXBuildFile section */

/* Begin PBXContainerItemProxy section */
		E4328147138ABC890047C5CB /* PBXContainerItemProxy */ = {
			isa = PBXContainerItemProxy;
			containerPortal = E4328143138ABC890047C5CB /* openFrameworksLib.xcodeproj */;
			proxyType = 2;
			remoteGlobalIDString = E4B27C1510CBEB8E00536013;
			remoteInfo = openFrameworks;
		};
		E4EEB9AB138B136A00A80321 /* PBXContainerItemProxy */ = {
			isa = PBXContainerItemProxy;
			containerPortal = E4328143138ABC890047C5CB /* openFrameworksLib.xcodeproj */;
			proxyType = 1;
			remoteGlobalIDString = E4B27C1410CBEB8E00536013;
			remoteInfo = openFrameworks;
		};
/* End PBXContainerItemProxy section */

/* Begin PBXCopyFilesBuildPhase section */
		E4C2427710CC5ABF004149E2 /* CopyFiles */ = {
			isa = PBXCopyFilesBuildPhase;
			buildActionMask = 2147483647;
			dstPath = "";
			dstSubfolderSpec = 10;
			files = (
				BBAB23CB13894F3D00AA2426 /* GLUT.framework in CopyFiles */,
			);
			runOnlyForDeploymentPostprocessing = 0;
		};
/* End PBXCopyFilesBuildPhase section */

/* Begin PBXFileReference section */
		01dcc0911400f9acf5b65578af4ec8f9 /* ofxXmlSettings.h */ = {isa = PBXFileReference; explicitFileType = sourcecode.c.h; fileEncoding = 30; name = ofxXmlSettings.h; path = ../../../addons/ofxXmlSettings/src/ofxXmlSettings.h; sourceTree = SOURCE_ROOT; };
		1256c82208d6390d300e7ceaec29faf4 /* ofxSimpleGuiSlider2d.h */ = {isa = PBXFileReference; explicitFileType = sourcecode.c.h; fileEncoding = 30; name = ofxSimpleGuiSlider2d.h; path = ../../../addons/ofxSimpleGuiToo/src/Controls/ofxSimpleGuiSlider2d.h; sourceTree = SOURCE_ROOT; };
		18e50a181a480d21484f3120b98c4672 /* ofxSimpleGuiSliderBase.h */ = {isa = PBXFileReference; explicitFileType = sourcecode.c.h; fileEncoding = 30; name = ofxSimpleGuiSliderBase.h; path = ../../../addons/ofxSimpleGuiToo/src/Controls/ofxSimpleGuiSliderBase.h; sourceTree = SOURCE_ROOT; };
		1c56b6200d48da052208be05afd7bde7 /* ofxSimpleGuiToggle.cpp */ = {isa = PBXFileReference; explicitFileType = sourcecode.cpp.cpp; fileEncoding = 30; name = ofxSimpleGuiToggle.cpp; path = ../../../addons/ofxSimpleGuiToo/src/Controls/ofxSimpleGuiToggle.cpp; sourceTree = SOURCE_ROOT; };
		1dcab31f5077c9c550b1adb37be42a5e /* ofxSimpleGuiFPSCounter.h */ = {isa = PBXFileReference; explicitFileType = sourcecode.c.h; fileEncoding = 30; name = ofxSimpleGuiFPSCounter.h; path = ../../../addons/ofxSimpleGuiToo/src/Controls/ofxSimpleGuiFPSCounter.h; sourceTree = SOURCE_ROOT; };
		2b40eda85beb63e46785bc299a638898 /* tinyxml.cpp */ = {isa = PBXFileReference; explicitFileType = sourcecode.cpp.cpp; fileEncoding = 30; name = tinyxml.cpp; path = ../../../addons/ofxXmlSettings/libs/tinyxml.cpp; sourceTree = SOURCE_ROOT; };
		33067f54b52161835b50408dca636f93 /* ofxSimpleGuiToggle.h */ = {isa = PBXFileReference; explicitFileType = sourcecode.c.h; fileEncoding = 30; name = ofxSimpleGuiToggle.h; path = ../../../addons/ofxSimpleGuiToo/src/Controls/ofxSimpleGuiToggle.h; sourceTree = SOURCE_ROOT; };
		37be47726868d2acd7e5ce49194a7984 /* ofxSimpleGuiColorPicker.cpp */ = {isa = PBXFileReference; explicitFileType = sourcecode.cpp.cpp; fileEncoding = 30; name = ofxSimpleGuiColorPicker.cpp; path = ../../../addons/ofxSimpleGuiToo/src/Controls/ofxSimpleGuiColorPicker.cpp; sourceTree = SOURCE_ROOT; };
		39b743be64c2fc3fc8c221637b98639e /* ofxSimpleGuiQuadWarp.cpp */ = {isa = PBXFileReference; explicitFileType = sourcecode.cpp.cpp; fileEncoding = 30; name = ofxSimpleGuiQuadWarp.cpp; path = ../../../addons/ofxSimpleGuiToo/src/Controls/ofxSimpleGuiQuadWarp.cpp; sourceTree = SOURCE_ROOT; };
		3c4855735366aec807a7cf36cd8a0f88 /* ofxSimpleGuiFPSCounter.cpp */ = {isa = PBXFileReference; explicitFileType = sourcecode.cpp.cpp; fileEncoding = 30; name = ofxSimpleGuiFPSCounter.cpp; path = ../../../addons/ofxSimpleGuiToo/src/Controls/ofxSimpleGuiFPSCounter.cpp; sourceTree = SOURCE_ROOT; };
		3e59c088be3987d34adeba5f4b0a9496 /* ofxSimpleGuiToo.h */ = {isa = PBXFileReference; explicitFileType = sourcecode.c.h; fileEncoding = 30; name = ofxSimpleGuiToo.h; path = ../../../addons/ofxSimpleGuiToo/src/ofxSimpleGuiToo.h; sourceTree = SOURCE_ROOT; };
		403194879fbc539310181fa55b8c246c /* ofxProjectorBlend.h */ = {isa = PBXFileReference; explicitFileType = sourcecode.c.h; fileEncoding = 30; name = ofxProjectorBlend.h; path = ../../../addons/ofxProjectorBlend/src/ofxProjectorBlend.h; sourceTree = SOURCE_ROOT; };
		434f6d1bd9d80bffafa18b0904eb6fbc /* ofxSimpleGuiConfig.cpp */ = {isa = PBXFileReference; explicitFileType = sourcecode.cpp.cpp; fileEncoding = 30; name = ofxSimpleGuiConfig.cpp; path = ../../../addons/ofxSimpleGuiToo/src/ofxSimpleGuiConfig.cpp; sourceTree = SOURCE_ROOT; };
		4a2c7833e609686e9ecd8a8c7753b7c0 /* ofxMSAInteractiveObject.h */ = {isa = PBXFileReference; explicitFileType = sourcecode.c.h; fileEncoding = 30; name = ofxMSAInteractiveObject.h; path = ../../../addons/ofxMSAInteractiveObject/src/ofxMSAInteractiveObject.h; sourceTree = SOURCE_ROOT; };
		4d7c691c68bf261275355f845e3a0c91 /* ofxSimpleGuiPage.h */ = {isa = PBXFileReference; explicitFileType = sourcecode.c.h; fileEncoding = 30; name = ofxSimpleGuiPage.h; path = ../../../addons/ofxSimpleGuiToo/src/ofxSimpleGuiPage.h; sourceTree = SOURCE_ROOT; };
		50df87d612c5aae17aafa6c02c6bc570 /* ofxXmlSettings.cpp */ = {isa = PBXFileReference; explicitFileType = sourcecode.cpp.cpp; fileEncoding = 30; name = ofxXmlSettings.cpp; path = ../../../addons/ofxXmlSettings/src/ofxXmlSettings.cpp; sourceTree = SOURCE_ROOT; };
		5eaf0a3cb08e81512bb99f6862e34387 /* ofxSimpleGuiSlider2d.cpp */ = {isa = PBXFileReference; explicitFileType = sourcecode.cpp.cpp; fileEncoding = 30; name = ofxSimpleGuiSlider2d.cpp; path = ../../../addons/ofxSimpleGuiToo/src/Controls/ofxSimpleGuiSlider2d.cpp; sourceTree = SOURCE_ROOT; };
		713d63a8f17bdd3ac3782a70bfd1bdb1 /* ofxSimpleGuiSliderFloat.h */ = {isa = PBXFileReference; explicitFileType = sourcecode.c.h; fileEncoding = 30; name = ofxSimpleGuiSliderFloat.h; path = ../../../addons/ofxSimpleGuiToo/src/Controls/ofxSimpleGuiSliderFloat.h; sourceTree = SOURCE_ROOT; };
		7a7cbac306f060bbc794c4f031710694 /* ofxSimpleGuiTitle.cpp */ = {isa = PBXFileReference; explicitFileType = sourcecode.cpp.cpp; fileEncoding = 30; name = ofxSimpleGuiTitle.cpp; path = ../../../addons/ofxSimpleGuiToo/src/Controls/ofxSimpleGuiTitle.cpp; sourceTree = SOURCE_ROOT; };
		7eb99f95be2d12cc78d7890339c79ead /* ofxSimpleGuiButton.cpp */ = {isa = PBXFileReference; explicitFileType = sourcecode.cpp.cpp; fileEncoding = 30; name = ofxSimpleGuiButton.cpp; path = ../../../addons/ofxSimpleGuiToo/src/Controls/ofxSimpleGuiButton.cpp; sourceTree = SOURCE_ROOT; };
		7fc468c65dfb96196f7368c4bfad5e1c /* ofxSimpleGuiSliderInt.h */ = {isa = PBXFileReference; explicitFileType = sourcecode.c.h; fileEncoding = 30; name = ofxSimpleGuiSliderInt.h; path = ../../../addons/ofxSimpleGuiToo/src/Controls/ofxSimpleGuiSliderInt.h; sourceTree = SOURCE_ROOT; };
		832bdc407620cdba568b713d2252c43c /* tinyxmlerror.cpp */ = {isa = PBXFileReference; explicitFileType = sourcecode.cpp.cpp; fileEncoding = 30; name = tinyxmlerror.cpp; path = ../../../addons/ofxXmlSettings/libs/tinyxmlerror.cpp; sourceTree = SOURCE_ROOT; };
		8445ea9a5fd9905881cbb8a624e1cf51 /* ofxSimpleGuiMovieSlider.cpp */ = {isa = PBXFileReference; explicitFileType = sourcecode.cpp.cpp; fileEncoding = 30; name = ofxSimpleGuiMovieSlider.cpp; path = ../../../addons/ofxSimpleGuiToo/src/Controls/ofxSimpleGuiMovieSlider.cpp; sourceTree = SOURCE_ROOT; };
		9471c904ee31a6fe40f5a0d52a0799c0 /* ofxProjectorBlend.cpp */ = {isa = PBXFileReference; explicitFileType = sourcecode.cpp.cpp; fileEncoding = 30; name = ofxProjectorBlend.cpp; path = ../../../addons/ofxProjectorBlend/src/ofxProjectorBlend.cpp; sourceTree = SOURCE_ROOT; };
		96639232e13926f4d450bb83d34564c0 /* ofxSimpleGuiQuadWarp.h */ = {isa = PBXFileReference; explicitFileType = sourcecode.c.h; fileEncoding = 30; name = ofxSimpleGuiQuadWarp.h; path = ../../../addons/ofxSimpleGuiToo/src/Controls/ofxSimpleGuiQuadWarp.h; sourceTree = SOURCE_ROOT; };
		BBAB23BE13894E4700AA2426 /* GLUT.framework */ = {isa = PBXFileReference; lastKnownFileType = wrapper.framework; name = GLUT.framework; path = ../../../libs/glut/lib/osx/GLUT.framework; sourceTree = "<group>"; };
		E4328143138ABC890047C5CB /* openFrameworksLib.xcodeproj */ = {isa = PBXFileReference; lastKnownFileType = "wrapper.pb-project"; name = openFrameworksLib.xcodeproj; path = ../../../libs/openFrameworksCompiled/project/osx/openFrameworksLib.xcodeproj; sourceTree = SOURCE_ROOT; };
		E45BE9710E8CC7DD009D7055 /* AGL.framework */ = {isa = PBXFileReference; lastKnownFileType = wrapper.framework; name = AGL.framework; path = /System/Library/Frameworks/AGL.framework; sourceTree = "<absolute>"; };
		E45BE9720E8CC7DD009D7055 /* ApplicationServices.framework */ = {isa = PBXFileReference; lastKnownFileType = wrapper.framework; name = ApplicationServices.framework; path = /System/Library/Frameworks/ApplicationServices.framework; sourceTree = "<absolute>"; };
		E45BE9730E8CC7DD009D7055 /* AudioToolbox.framework */ = {isa = PBXFileReference; lastKnownFileType = wrapper.framework; name = AudioToolbox.framework; path = /System/Library/Frameworks/AudioToolbox.framework; sourceTree = "<absolute>"; };
		E45BE9740E8CC7DD009D7055 /* Carbon.framework */ = {isa = PBXFileReference; lastKnownFileType = wrapper.framework; name = Carbon.framework; path = /System/Library/Frameworks/Carbon.framework; sourceTree = "<absolute>"; };
		E45BE9750E8CC7DD009D7055 /* CoreAudio.framework */ = {isa = PBXFileReference; lastKnownFileType = wrapper.framework; name = CoreAudio.framework; path = /System/Library/Frameworks/CoreAudio.framework; sourceTree = "<absolute>"; };
		E45BE9760E8CC7DD009D7055 /* CoreFoundation.framework */ = {isa = PBXFileReference; lastKnownFileType = wrapper.framework; name = CoreFoundation.framework; path = /System/Library/Frameworks/CoreFoundation.framework; sourceTree = "<absolute>"; };
		E45BE9770E8CC7DD009D7055 /* CoreServices.framework */ = {isa = PBXFileReference; lastKnownFileType = wrapper.framework; name = CoreServices.framework; path = /System/Library/Frameworks/CoreServices.framework; sourceTree = "<absolute>"; };
		E45BE9790E8CC7DD009D7055 /* OpenGL.framework */ = {isa = PBXFileReference; lastKnownFileType = wrapper.framework; name = OpenGL.framework; path = /System/Library/Frameworks/OpenGL.framework; sourceTree = "<absolute>"; };
		E45BE97A0E8CC7DD009D7055 /* QuickTime.framework */ = {isa = PBXFileReference; lastKnownFileType = wrapper.framework; name = QuickTime.framework; path = /System/Library/Frameworks/QuickTime.framework; sourceTree = "<absolute>"; };
		E4B69B5B0A3A1756003C02F2 /* guiControlsDebug.app */ = {isa = PBXFileReference; explicitFileType = wrapper.application; includeInIndex = 0; path = guiControlsDebug.app; sourceTree = BUILT_PRODUCTS_DIR; };
		E4B69E1D0A3A1BDC003C02F2 /* main.cpp */ = {isa = PBXFileReference; fileEncoding = 30; lastKnownFileType = sourcecode.cpp.cpp; name = main.cpp; path = src/main.cpp; sourceTree = SOURCE_ROOT; };
		E4B69E1E0A3A1BDC003C02F2 /* testApp.cpp */ = {isa = PBXFileReference; explicitFileType = sourcecode.cpp.cpp; fileEncoding = 30; name = testApp.cpp; path = src/testApp.cpp; sourceTree = SOURCE_ROOT; };
		E4B69E1F0A3A1BDC003C02F2 /* testApp.h */ = {isa = PBXFileReference; fileEncoding = 30; lastKnownFileType = sourcecode.c.h; name = testApp.h; path = src/testApp.h; sourceTree = SOURCE_ROOT; };
		E4B6FCAD0C3E899E008CF71C /* openFrameworks-Info.plist */ = {isa = PBXFileReference; fileEncoding = 30; lastKnownFileType = text.plist.xml; path = "openFrameworks-Info.plist"; sourceTree = "<group>"; };
		E4C2424410CC5A17004149E2 /* AppKit.framework */ = {isa = PBXFileReference; lastKnownFileType = wrapper.framework; name = AppKit.framework; path = /System/Library/Frameworks/AppKit.framework; sourceTree = "<absolute>"; };
		E4C2424510CC5A17004149E2 /* Cocoa.framework */ = {isa = PBXFileReference; lastKnownFileType = wrapper.framework; name = Cocoa.framework; path = /System/Library/Frameworks/Cocoa.framework; sourceTree = "<absolute>"; };
		E4C2424610CC5A17004149E2 /* IOKit.framework */ = {isa = PBXFileReference; lastKnownFileType = wrapper.framework; name = IOKit.framework; path = /System/Library/Frameworks/IOKit.framework; sourceTree = "<absolute>"; };
		E4EB691F138AFCF100A09F29 /* CoreOF.xcconfig */ = {isa = PBXFileReference; fileEncoding = 4; lastKnownFileType = text.xcconfig; name = CoreOF.xcconfig; path = ../../../libs/openFrameworksCompiled/project/osx/CoreOF.xcconfig; sourceTree = SOURCE_ROOT; };
		E4EB6923138AFD0F00A09F29 /* Project.xcconfig */ = {isa = PBXFileReference; fileEncoding = 4; lastKnownFileType = text.xcconfig; path = Project.xcconfig; sourceTree = "<group>"; };
		E7E077E415D3B63C0020DFD4 /* CoreVideo.framework */ = {isa = PBXFileReference; lastKnownFileType = wrapper.framework; name = CoreVideo.framework; path = /System/Library/Frameworks/CoreVideo.framework; sourceTree = "<absolute>"; };
		E7E077E715D3B6510020DFD4 /* QTKit.framework */ = {isa = PBXFileReference; lastKnownFileType = wrapper.framework; name = QTKit.framework; path = /System/Library/Frameworks/QTKit.framework; sourceTree = "<absolute>"; };
		E7F985F515E0DE99003869B5 /* Accelerate.framework */ = {isa = PBXFileReference; lastKnownFileType = wrapper.framework; name = Accelerate.framework; path = /System/Library/Frameworks/Accelerate.framework; sourceTree = "<absolute>"; };
		a5c54a5752a9362986db5b350961b7de /* ofxSimpleGuiControl.cpp */ = {isa = PBXFileReference; explicitFileType = sourcecode.cpp.cpp; fileEncoding = 30; name = ofxSimpleGuiControl.cpp; path = ../../../addons/ofxSimpleGuiToo/src/ofxSimpleGuiControl.cpp; sourceTree = SOURCE_ROOT; };
		af2311980a9c84efaff7c63b196663fe /* ofxSimpleGuiColorPicker.h */ = {isa = PBXFileReference; explicitFileType = sourcecode.c.h; fileEncoding = 30; name = ofxSimpleGuiColorPicker.h; path = ../../../addons/ofxSimpleGuiToo/src/Controls/ofxSimpleGuiColorPicker.h; sourceTree = SOURCE_ROOT; };
		b21e7e5f548eea92f368040bb1aa2f69 /* tinyxml.h */ = {isa = PBXFileReference; explicitFileType = sourcecode.c.h; fileEncoding = 30; name = tinyxml.h; path = ../../../addons/ofxXmlSettings/libs/tinyxml.h; sourceTree = SOURCE_ROOT; };
		b8e04ba7dcfb448a2ed1ec25aead7222 /* ofxSimpleGuiComboBox.cpp */ = {isa = PBXFileReference; explicitFileType = sourcecode.cpp.cpp; fileEncoding = 30; name = ofxSimpleGuiComboBox.cpp; path = ../../../addons/ofxSimpleGuiToo/src/Controls/ofxSimpleGuiComboBox.cpp; sourceTree = SOURCE_ROOT; };
		b97264ad9e6a64dda626be735fd06ad3 /* ofxSimpleGuiContent.h */ = {isa = PBXFileReference; explicitFileType = sourcecode.c.h; fileEncoding = 30; name = ofxSimpleGuiContent.h; path = ../../../addons/ofxSimpleGuiToo/src/Controls/ofxSimpleGuiContent.h; sourceTree = SOURCE_ROOT; };
		c2e7b57f16a4543d3b10dfa094e86148 /* ofxSimpleGuiValueControl.h */ = {isa = PBXFileReference; explicitFileType = sourcecode.c.h; fileEncoding = 30; name = ofxSimpleGuiValueControl.h; path = ../../../addons/ofxSimpleGuiToo/src/ofxSimpleGuiValueControl.h; sourceTree = SOURCE_ROOT; };
		cb7efc52119313b196e5e70a4b43ee1b /* ofxSimpleGuiMovieSlider.h */ = {isa = PBXFileReference; explicitFileType = sourcecode.c.h; fileEncoding = 30; name = ofxSimpleGuiMovieSlider.h; path = ../../../addons/ofxSimpleGuiToo/src/Controls/ofxSimpleGuiMovieSlider.h; sourceTree = SOURCE_ROOT; };
		cd6833700340995a484f6405e32bad9a /* ofxSimpleGuiToo.cpp */ = {isa = PBXFileReference; explicitFileType = sourcecode.cpp.cpp; fileEncoding = 30; name = ofxSimpleGuiToo.cpp; path = ../../../addons/ofxSimpleGuiToo/src/ofxSimpleGuiToo.cpp; sourceTree = SOURCE_ROOT; };
		cd862afb8eff69d2b30a7293a307d7d7 /* ofxSimpleGuiContent.cpp */ = {isa = PBXFileReference; explicitFileType = sourcecode.cpp.cpp; fileEncoding = 30; name = ofxSimpleGuiContent.cpp; path = ../../../addons/ofxSimpleGuiToo/src/Controls/ofxSimpleGuiContent.cpp; sourceTree = SOURCE_ROOT; };
		ce0949c9f18be455d5e6cd1073edc166 /* ofxMSAInteractiveObject.cpp */ = {isa = PBXFileReference; explicitFileType = sourcecode.cpp.cpp; fileEncoding = 30; name = ofxMSAInteractiveObject.cpp; path = ../../../addons/ofxMSAInteractiveObject/src/ofxMSAInteractiveObject.cpp; sourceTree = SOURCE_ROOT; };
		cf7d7bb5afc550a463ce3e5ebc7731c9 /* ofxSimpleGuiConfig.h */ = {isa = PBXFileReference; explicitFileType = sourcecode.c.h; fileEncoding = 30; name = ofxSimpleGuiConfig.h; path = ../../../addons/ofxSimpleGuiToo/src/ofxSimpleGuiConfig.h; sourceTree = SOURCE_ROOT; };
		d4e33ec0296ea102eb0acd5a739db151 /* ofxSimpleGuiControl.h */ = {isa = PBXFileReference; explicitFileType = sourcecode.c.h; fileEncoding = 30; name = ofxSimpleGuiControl.h; path = ../../../addons/ofxSimpleGuiToo/src/ofxSimpleGuiControl.h; sourceTree = SOURCE_ROOT; };
		de165ca92c9f4e06ac1bb897bcae510c /* ofxProjectorBlendShader.h */ = {isa = PBXFileReference; explicitFileType = sourcecode.c.h; fileEncoding = 30; name = ofxProjectorBlendShader.h; path = ../../../addons/ofxProjectorBlend/src/ofxProjectorBlendShader.h; sourceTree = SOURCE_ROOT; };
		e59a73137a942298246969c7507ff70e /* ofxSimpleGuiComboBox.h */ = {isa = PBXFileReference; explicitFileType = sourcecode.c.h; fileEncoding = 30; name = ofxSimpleGuiComboBox.h; path = ../../../addons/ofxSimpleGuiToo/src/Controls/ofxSimpleGuiComboBox.h; sourceTree = SOURCE_ROOT; };
		e99f9e2051f21d258f7f1f0012d4fb91 /* ofxSimpleGuiIncludes.h */ = {isa = PBXFileReference; explicitFileType = sourcecode.c.h; fileEncoding = 30; name = ofxSimpleGuiIncludes.h; path = ../../../addons/ofxSimpleGuiToo/src/ofxSimpleGuiIncludes.h; sourceTree = SOURCE_ROOT; };
		f00f43571a0306a6b30bccb2a9cd9cbc /* ofxSimpleGuiButton.h */ = {isa = PBXFileReference; explicitFileType = sourcecode.c.h; fileEncoding = 30; name = ofxSimpleGuiButton.h; path = ../../../addons/ofxSimpleGuiToo/src/Controls/ofxSimpleGuiButton.h; sourceTree = SOURCE_ROOT; };
		f24fe4c2602f5d007203305c30b686a2 /* ofxSimpleGuiTitle.h */ = {isa = PBXFileReference; explicitFileType = sourcecode.c.h; fileEncoding = 30; name = ofxSimpleGuiTitle.h; path = ../../../addons/ofxSimpleGuiToo/src/Controls/ofxSimpleGuiTitle.h; sourceTree = SOURCE_ROOT; };
		f9d0aee8fc68bfd57948548050da23ce /* ofxSimpleGuiValueControl.cpp */ = {isa = PBXFileReference; explicitFileType = sourcecode.cpp.cpp; fileEncoding = 30; name = ofxSimpleGuiValueControl.cpp; path = ../../../addons/ofxSimpleGuiToo/src/ofxSimpleGuiValueControl.cpp; sourceTree = SOURCE_ROOT; };
		fc5da1c87211d4f6377da7199d8c5a1e /* tinyxmlparser.cpp */ = {isa = PBXFileReference; explicitFileType = sourcecode.cpp.cpp; fileEncoding = 30; name = tinyxmlparser.cpp; path = ../../../addons/ofxXmlSettings/libs/tinyxmlparser.cpp; sourceTree = SOURCE_ROOT; };
		fd30123cd06421602730f58647372e52 /* ofxSimpleGuiPage.cpp */ = {isa = PBXFileReference; explicitFileType = sourcecode.cpp.cpp; fileEncoding = 30; name = ofxSimpleGuiPage.cpp; path = ../../../addons/ofxSimpleGuiToo/src/ofxSimpleGuiPage.cpp; sourceTree = SOURCE_ROOT; };
/* End PBXFileReference section */

/* Begin PBXFrameworksBuildPhase section */
		E4B69B590A3A1756003C02F2 /* Frameworks */ = {
			isa = PBXFrameworksBuildPhase;
			buildActionMask = 2147483647;
			files = (
				E7F985F815E0DEA3003869B5 /* Accelerate.framework in Frameworks */,
				E7E077E815D3B6510020DFD4 /* QTKit.framework in Frameworks */,
				E4EB6799138ADC1D00A09F29 /* GLUT.framework in Frameworks */,
				E4328149138ABC9F0047C5CB /* openFrameworksDebug.a in Frameworks */,
				E45BE97B0E8CC7DD009D7055 /* AGL.framework in Frameworks */,
				E45BE97C0E8CC7DD009D7055 /* ApplicationServices.framework in Frameworks */,
				E45BE97D0E8CC7DD009D7055 /* AudioToolbox.framework in Frameworks */,
				E45BE97E0E8CC7DD009D7055 /* Carbon.framework in Frameworks */,
				E45BE97F0E8CC7DD009D7055 /* CoreAudio.framework in Frameworks */,
				E45BE9800E8CC7DD009D7055 /* CoreFoundation.framework in Frameworks */,
				E45BE9810E8CC7DD009D7055 /* CoreServices.framework in Frameworks */,
				E45BE9830E8CC7DD009D7055 /* OpenGL.framework in Frameworks */,
				E45BE9840E8CC7DD009D7055 /* QuickTime.framework in Frameworks */,
				E4C2424710CC5A17004149E2 /* AppKit.framework in Frameworks */,
				E4C2424810CC5A17004149E2 /* Cocoa.framework in Frameworks */,
				E4C2424910CC5A17004149E2 /* IOKit.framework in Frameworks */,
				E7E077E515D3B63C0020DFD4 /* CoreVideo.framework in Frameworks */,
			);
			runOnlyForDeploymentPostprocessing = 0;
		};
/* End PBXFrameworksBuildPhase section */

/* Begin PBXGroup section */
		082c54a9df8ac3f426d5fff406a9dfc5 /* src */ = {
			isa = PBXGroup;
			children = (
				ce0949c9f18be455d5e6cd1073edc166 /* ofxMSAInteractiveObject.cpp */,
				4a2c7833e609686e9ecd8a8c7753b7c0 /* ofxMSAInteractiveObject.h */,
			);
			name = src;
			sourceTree = "<group>";
		};
		1f4fb5c423662b96adfdcc0badec1cb0 /* ofxXmlSettings */ = {
			isa = PBXGroup;
			children = (
				6ecef0d76bc33727823eadffc320c44d /* src */,
				6e54289412d2d94f45a051132369530c /* libs */,
			);
			name = ofxXmlSettings;
			sourceTree = "<group>";
		};
		262847ac80ba7f38f6230b84144dac0d /* src */ = {
			isa = PBXGroup;
			children = (
				3ffcd8cde089ea259d68f78cef41a435 /* Controls */,
				434f6d1bd9d80bffafa18b0904eb6fbc /* ofxSimpleGuiConfig.cpp */,
				cf7d7bb5afc550a463ce3e5ebc7731c9 /* ofxSimpleGuiConfig.h */,
				a5c54a5752a9362986db5b350961b7de /* ofxSimpleGuiControl.cpp */,
				d4e33ec0296ea102eb0acd5a739db151 /* ofxSimpleGuiControl.h */,
				e99f9e2051f21d258f7f1f0012d4fb91 /* ofxSimpleGuiIncludes.h */,
				fd30123cd06421602730f58647372e52 /* ofxSimpleGuiPage.cpp */,
				4d7c691c68bf261275355f845e3a0c91 /* ofxSimpleGuiPage.h */,
				cd6833700340995a484f6405e32bad9a /* ofxSimpleGuiToo.cpp */,
				3e59c088be3987d34adeba5f4b0a9496 /* ofxSimpleGuiToo.h */,
				f9d0aee8fc68bfd57948548050da23ce /* ofxSimpleGuiValueControl.cpp */,
				c2e7b57f16a4543d3b10dfa094e86148 /* ofxSimpleGuiValueControl.h */,
			);
			name = src;
			sourceTree = "<group>";
		};
		3ffcd8cde089ea259d68f78cef41a435 /* Controls */ = {
			isa = PBXGroup;
			children = (
				7eb99f95be2d12cc78d7890339c79ead /* ofxSimpleGuiButton.cpp */,
				f00f43571a0306a6b30bccb2a9cd9cbc /* ofxSimpleGuiButton.h */,
				37be47726868d2acd7e5ce49194a7984 /* ofxSimpleGuiColorPicker.cpp */,
				af2311980a9c84efaff7c63b196663fe /* ofxSimpleGuiColorPicker.h */,
				b8e04ba7dcfb448a2ed1ec25aead7222 /* ofxSimpleGuiComboBox.cpp */,
				e59a73137a942298246969c7507ff70e /* ofxSimpleGuiComboBox.h */,
				cd862afb8eff69d2b30a7293a307d7d7 /* ofxSimpleGuiContent.cpp */,
				b97264ad9e6a64dda626be735fd06ad3 /* ofxSimpleGuiContent.h */,
				3c4855735366aec807a7cf36cd8a0f88 /* ofxSimpleGuiFPSCounter.cpp */,
				1dcab31f5077c9c550b1adb37be42a5e /* ofxSimpleGuiFPSCounter.h */,
				8445ea9a5fd9905881cbb8a624e1cf51 /* ofxSimpleGuiMovieSlider.cpp */,
				cb7efc52119313b196e5e70a4b43ee1b /* ofxSimpleGuiMovieSlider.h */,
				39b743be64c2fc3fc8c221637b98639e /* ofxSimpleGuiQuadWarp.cpp */,
				96639232e13926f4d450bb83d34564c0 /* ofxSimpleGuiQuadWarp.h */,
				5eaf0a3cb08e81512bb99f6862e34387 /* ofxSimpleGuiSlider2d.cpp */,
				1256c82208d6390d300e7ceaec29faf4 /* ofxSimpleGuiSlider2d.h */,
				18e50a181a480d21484f3120b98c4672 /* ofxSimpleGuiSliderBase.h */,
				713d63a8f17bdd3ac3782a70bfd1bdb1 /* ofxSimpleGuiSliderFloat.h */,
				7fc468c65dfb96196f7368c4bfad5e1c /* ofxSimpleGuiSliderInt.h */,
				7a7cbac306f060bbc794c4f031710694 /* ofxSimpleGuiTitle.cpp */,
				f24fe4c2602f5d007203305c30b686a2 /* ofxSimpleGuiTitle.h */,
				1c56b6200d48da052208be05afd7bde7 /* ofxSimpleGuiToggle.cpp */,
				33067f54b52161835b50408dca636f93 /* ofxSimpleGuiToggle.h */,
			);
			name = Controls;
			sourceTree = "<group>";
		};
		59da350bbb36a982b18d6d2a3fb422e5 /* ofxProjectorBlend */ = {
			isa = PBXGroup;
			children = (
				7959a566a37db3c7c7ffaf32a0efe078 /* src */,
			);
			name = ofxProjectorBlend;
			sourceTree = "<group>";
		};
		6e54289412d2d94f45a051132369530c /* libs */ = {
			isa = PBXGroup;
			children = (
				2b40eda85beb63e46785bc299a638898 /* tinyxml.cpp */,
				b21e7e5f548eea92f368040bb1aa2f69 /* tinyxml.h */,
				832bdc407620cdba568b713d2252c43c /* tinyxmlerror.cpp */,
				fc5da1c87211d4f6377da7199d8c5a1e /* tinyxmlparser.cpp */,
			);
			name = libs;
			sourceTree = "<group>";
		};
		6ecef0d76bc33727823eadffc320c44d /* src */ = {
			isa = PBXGroup;
			children = (
				50df87d612c5aae17aafa6c02c6bc570 /* ofxXmlSettings.cpp */,
				01dcc0911400f9acf5b65578af4ec8f9 /* ofxXmlSettings.h */,
			);
			name = src;
			sourceTree = "<group>";
		};
		734ac65571adbb395c126c1aeb876186 /* ofxMSAInteractiveObject */ = {
			isa = PBXGroup;
			children = (
				082c54a9df8ac3f426d5fff406a9dfc5 /* src */,
			);
			name = ofxMSAInteractiveObject;
			sourceTree = "<group>";
		};
		7959a566a37db3c7c7ffaf32a0efe078 /* src */ = {
			isa = PBXGroup;
			children = (
				9471c904ee31a6fe40f5a0d52a0799c0 /* ofxProjectorBlend.cpp */,
				403194879fbc539310181fa55b8c246c /* ofxProjectorBlend.h */,
				de165ca92c9f4e06ac1bb897bcae510c /* ofxProjectorBlendShader.h */,
			);
			name = src;
			sourceTree = "<group>";
		};
		BB4B014C10F69532006C3DED /* addons */ = {
			isa = PBXGroup;
			children = (
				1f4fb5c423662b96adfdcc0badec1cb0 /* ofxXmlSettings */,
				734ac65571adbb395c126c1aeb876186 /* ofxMSAInteractiveObject */,
				59da350bbb36a982b18d6d2a3fb422e5 /* ofxProjectorBlend */,
				cfdd139fa301cd9d0914d00f9e1d4fdc /* ofxSimpleGuiToo */,
			);
			name = addons;
			sourceTree = "<group>";
		};
		BBAB23C913894ECA00AA2426 /* system frameworks */ = {
			isa = PBXGroup;
			children = (
				E7F985F515E0DE99003869B5 /* Accelerate.framework */,
				E4C2424410CC5A17004149E2 /* AppKit.framework */,
				E4C2424510CC5A17004149E2 /* Cocoa.framework */,
				E4C2424610CC5A17004149E2 /* IOKit.framework */,
				E45BE9710E8CC7DD009D7055 /* AGL.framework */,
				E45BE9720E8CC7DD009D7055 /* ApplicationServices.framework */,
				E45BE9730E8CC7DD009D7055 /* AudioToolbox.framework */,
				E45BE9740E8CC7DD009D7055 /* Carbon.framework */,
				E45BE9750E8CC7DD009D7055 /* CoreAudio.framework */,
				E45BE9760E8CC7DD009D7055 /* CoreFoundation.framework */,
				E45BE9770E8CC7DD009D7055 /* CoreServices.framework */,
				E45BE9790E8CC7DD009D7055 /* OpenGL.framework */,
				E45BE97A0E8CC7DD009D7055 /* QuickTime.framework */,
				E7E077E415D3B63C0020DFD4 /* CoreVideo.framework */,
				E7E077E715D3B6510020DFD4 /* QTKit.framework */,
			);
			name = "system frameworks";
			sourceTree = "<group>";
		};
		BBAB23CA13894EDB00AA2426 /* 3rd party frameworks */ = {
			isa = PBXGroup;
			children = (
				BBAB23BE13894E4700AA2426 /* GLUT.framework */,
			);
			name = "3rd party frameworks";
			sourceTree = "<group>";
		};
		E4328144138ABC890047C5CB /* Products */ = {
			isa = PBXGroup;
			children = (
				E4328148138ABC890047C5CB /* openFrameworksDebug.a */,
			);
			name = Products;
			sourceTree = "<group>";
		};
		E45BE5980E8CC70C009D7055 /* frameworks */ = {
			isa = PBXGroup;
			children = (
				BBAB23CA13894EDB00AA2426 /* 3rd party frameworks */,
				BBAB23C913894ECA00AA2426 /* system frameworks */,
			);
			name = frameworks;
			sourceTree = "<group>";
		};
		E4B69B4A0A3A1720003C02F2 = {
			isa = PBXGroup;
			children = (
				E4B6FCAD0C3E899E008CF71C /* openFrameworks-Info.plist */,
				E4EB6923138AFD0F00A09F29 /* Project.xcconfig */,
				E4B69E1C0A3A1BDC003C02F2 /* src */,
				E4EEC9E9138DF44700A80321 /* openFrameworks */,
				BB4B014C10F69532006C3DED /* addons */,
				E45BE5980E8CC70C009D7055 /* frameworks */,
				E4B69B5B0A3A1756003C02F2 /* guiControlsDebug.app */,
			);
			sourceTree = "<group>";
		};
		E4B69E1C0A3A1BDC003C02F2 /* src */ = {
			isa = PBXGroup;
			children = (
				E4B69E1D0A3A1BDC003C02F2 /* main.cpp */,
				E4B69E1E0A3A1BDC003C02F2 /* testApp.cpp */,
				E4B69E1F0A3A1BDC003C02F2 /* testApp.h */,
			);
			path = src;
			sourceTree = SOURCE_ROOT;
		};
		E4EEC9E9138DF44700A80321 /* openFrameworks */ = {
			isa = PBXGroup;
			children = (
				E4EB691F138AFCF100A09F29 /* CoreOF.xcconfig */,
				E4328143138ABC890047C5CB /* openFrameworksLib.xcodeproj */,
			);
			name = openFrameworks;
			sourceTree = "<group>";
		};
		cfdd139fa301cd9d0914d00f9e1d4fdc /* ofxSimpleGuiToo */ = {
			isa = PBXGroup;
			children = (
				262847ac80ba7f38f6230b84144dac0d /* src */,
			);
			name = ofxSimpleGuiToo;
			sourceTree = "<group>";
		};
/* End PBXGroup section */

/* Begin PBXNativeTarget section */
		E4B69B5A0A3A1756003C02F2 /* guiControls */ = {
			isa = PBXNativeTarget;
			buildConfigurationList = E4B69B5F0A3A1757003C02F2 /* Build configuration list for PBXNativeTarget "guiControls" */;
			buildPhases = (
				E4B69B580A3A1756003C02F2 /* Sources */,
				E4B69B590A3A1756003C02F2 /* Frameworks */,
				E4B6FFFD0C3F9AB9008CF71C /* ShellScript */,
				E4C2427710CC5ABF004149E2 /* CopyFiles */,
			);
			buildRules = (
			);
			dependencies = (
				E4EEB9AC138B136A00A80321 /* PBXTargetDependency */,
			);
			name = guiControls;
			productName = myOFApp;
			productReference = E4B69B5B0A3A1756003C02F2 /* guiControlsDebug.app */;
			productType = "com.apple.product-type.application";
		};
/* End PBXNativeTarget section */

/* Begin PBXProject section */
		E4B69B4C0A3A1720003C02F2 /* Project object */ = {
			isa = PBXProject;
			buildConfigurationList = E4B69B4D0A3A1720003C02F2 /* Build configuration list for PBXProject "guiControls" */;
			compatibilityVersion = "Xcode 2.4";
			developmentRegion = English;
			hasScannedForEncodings = 0;
			knownRegions = (
				English,
				Japanese,
				French,
				German,
			);
			mainGroup = E4B69B4A0A3A1720003C02F2;
			productRefGroup = E4B69B4A0A3A1720003C02F2;
			projectDirPath = "";
			projectReferences = (
				{
					ProductGroup = E4328144138ABC890047C5CB /* Products */;
					ProjectRef = E4328143138ABC890047C5CB /* openFrameworksLib.xcodeproj */;
				},
			);
			projectRoot = "";
			targets = (
				E4B69B5A0A3A1756003C02F2 /* guiControls */,
			);
		};
/* End PBXProject section */

/* Begin PBXReferenceProxy section */
		E4328148138ABC890047C5CB /* openFrameworksDebug.a */ = {
			isa = PBXReferenceProxy;
			fileType = archive.ar;
			path = openFrameworksDebug.a;
			remoteRef = E4328147138ABC890047C5CB /* PBXContainerItemProxy */;
			sourceTree = BUILT_PRODUCTS_DIR;
		};
/* End PBXReferenceProxy section */

/* Begin PBXShellScriptBuildPhase section */
		E4B6FFFD0C3F9AB9008CF71C /* ShellScript */ = {
			isa = PBXShellScriptBuildPhase;
			buildActionMask = 2147483647;
			files = (
			);
			inputPaths = (
			);
			outputPaths = (
			);
			runOnlyForDeploymentPostprocessing = 0;
			shellPath = /bin/sh;
			shellScript = "cp -f ../../../libs/fmodex/lib/osx/libfmodex.dylib \"$TARGET_BUILD_DIR/$PRODUCT_NAME.app/Contents/MacOS/libfmodex.dylib\"; install_name_tool -change ./libfmodex.dylib @executable_path/libfmodex.dylib \"$TARGET_BUILD_DIR/$PRODUCT_NAME.app/Contents/MacOS/$PRODUCT_NAME\";";
		};
/* End PBXShellScriptBuildPhase section */

/* Begin PBXSourcesBuildPhase section */
		E4B69B580A3A1756003C02F2 /* Sources */ = {
			isa = PBXSourcesBuildPhase;
			buildActionMask = 2147483647;
			files = (
				E4B69E200A3A1BDC003C02F2 /* main.cpp in Sources */,
				E4B69E210A3A1BDC003C02F2 /* testApp.cpp in Sources */,
				63b57ac5bf4ef088491e0317dbb2ecaa /* ofxXmlSettings.cpp in Sources */,
				933a2227713c720ceff80fd967d0a8ee /* tinyxml.cpp in Sources */,
				9d44dc88ef9e7991b4a09951e2e4769f /* tinyxmlerror.cpp in Sources */,
				5a4349e9754d6fa14c0f2a3a1abc30b6 /* tinyxmlparser.cpp in Sources */,
				d1395dd979998dcffa40acaccf9ff1f5 /* ofxMSAInteractiveObject.cpp in Sources */,
				95e7ef0d58b6654ee78aa86474800394 /* ofxProjectorBlend.cpp in Sources */,
				a0b7f6a3ec34b4f84321385da811b467 /* ofxSimpleGuiButton.cpp in Sources */,
				e39bf54c7233c89a5bb421748863e43d /* ofxSimpleGuiColorPicker.cpp in Sources */,
				2dd56bbc82953d6ae0a018bfad910b7d /* ofxSimpleGuiComboBox.cpp in Sources */,
				495e773e470ff7c742646e77652f964d /* ofxSimpleGuiContent.cpp in Sources */,
				49890708c36fa822fc58a60b78029bb3 /* ofxSimpleGuiFPSCounter.cpp in Sources */,
				2c776d21a9559288b0f7aed9b1be072d /* ofxSimpleGuiMovieSlider.cpp in Sources */,
				49073c5c875b61f6d54cf6ab8584e712 /* ofxSimpleGuiQuadWarp.cpp in Sources */,
				76f1472575bcca088fe3454bc580db3c /* ofxSimpleGuiSlider2d.cpp in Sources */,
				cf142a7d9914b99e6e2870527205bee8 /* ofxSimpleGuiTitle.cpp in Sources */,
				3317b76ee9202b4c6482d15c4ec6cc7b /* ofxSimpleGuiToggle.cpp in Sources */,
				06980ff65ed01afe2bcaad5e92e994fd /* ofxSimpleGuiConfig.cpp in Sources */,
				8ce60c8f4001811d5b27d0f8f82c8148 /* ofxSimpleGuiControl.cpp in Sources */,
				1f910dcf02326b0e25059352edd39c0c /* ofxSimpleGuiPage.cpp in Sources */,
				c2ed558d391ba9692d3bf70567fb7804 /* ofxSimpleGuiToo.cpp in Sources */,
				7f8d13cd42f89d3284829cf0a5a4cba1 /* ofxSimpleGuiValueControl.cpp in Sources */,
			);
			runOnlyForDeploymentPostprocessing = 0;
		};
/* End PBXSourcesBuildPhase section */

/* Begin PBXTargetDependency section */
		E4EEB9AC138B136A00A80321 /* PBXTargetDependency */ = {
			isa = PBXTargetDependency;
			name = openFrameworks;
			targetProxy = E4EEB9AB138B136A00A80321 /* PBXContainerItemProxy */;
		};
/* End PBXTargetDependency section */

/* Begin XCBuildConfiguration section */
		E4B69B4E0A3A1720003C02F2 /* Debug */ = {
			isa = XCBuildConfiguration;
			baseConfigurationReference = E4EB6923138AFD0F00A09F29 /* Project.xcconfig */;
			buildSettings = {
				ARCHS = "$(NATIVE_ARCH)";
				CONFIGURATION_BUILD_DIR = "$(SRCROOT)/bin/";
				COPY_PHASE_STRIP = NO;
				DEAD_CODE_STRIPPING = YES;
				GCC_AUTO_VECTORIZATION = YES;
				GCC_ENABLE_SSE3_EXTENSIONS = YES;
				GCC_ENABLE_SUPPLEMENTAL_SSE3_INSTRUCTIONS = YES;
				GCC_INLINES_ARE_PRIVATE_EXTERN = NO;
				GCC_OPTIMIZATION_LEVEL = 0;
				GCC_SYMBOLS_PRIVATE_EXTERN = NO;
				GCC_WARN_ABOUT_DEPRECATED_FUNCTIONS = YES;
				GCC_WARN_ABOUT_INVALID_OFFSETOF_MACRO = NO;
				GCC_WARN_ALLOW_INCOMPLETE_PROTOCOL = NO;
				GCC_WARN_UNINITIALIZED_AUTOS = NO;
				GCC_WARN_UNUSED_VALUE = NO;
				GCC_WARN_UNUSED_VARIABLE = NO;
				HEADER_SEARCH_PATHS = (
					"$(OF_CORE_HEADERS)",
					../../../addons/ofxXmlSettings/libs,
					../../../addons/ofxXmlSettings/src,
					../../../addons/ofxMSAInteractiveObject/libs,
					../../../addons/ofxMSAInteractiveObject/src,
					../../../addons/ofxProjectorBlend/libs,
					../../../addons/ofxProjectorBlend/src,
					../../../addons/ofxSimpleGuiToo/libs,
					../../../addons/ofxSimpleGuiToo/src,
					../../../addons/ofxSimpleGuiToo/src/Controls,
				);
				OTHER_CPLUSPLUSFLAGS = (
					"-D__MACOSX_CORE__",
					"-lpthread",
					"-mtune=native",
				);
				SDKROOT = macosx;
			};
			name = Debug;
		};
		E4B69B4F0A3A1720003C02F2 /* Release */ = {
			isa = XCBuildConfiguration;
			baseConfigurationReference = E4EB6923138AFD0F00A09F29 /* Project.xcconfig */;
			buildSettings = {
				ARCHS = "$(NATIVE_ARCH)";
				CONFIGURATION_BUILD_DIR = "$(SRCROOT)/bin/";
				COPY_PHASE_STRIP = YES;
				DEAD_CODE_STRIPPING = YES;
				GCC_AUTO_VECTORIZATION = YES;
				GCC_ENABLE_SSE3_EXTENSIONS = YES;
				GCC_ENABLE_SUPPLEMENTAL_SSE3_INSTRUCTIONS = YES;
				GCC_INLINES_ARE_PRIVATE_EXTERN = NO;
				GCC_OPTIMIZATION_LEVEL = 3;
				GCC_SYMBOLS_PRIVATE_EXTERN = NO;
				GCC_UNROLL_LOOPS = YES;
				GCC_WARN_ABOUT_DEPRECATED_FUNCTIONS = YES;
				GCC_WARN_ABOUT_INVALID_OFFSETOF_MACRO = NO;
				GCC_WARN_ALLOW_INCOMPLETE_PROTOCOL = NO;
				GCC_WARN_UNINITIALIZED_AUTOS = NO;
				GCC_WARN_UNUSED_VALUE = NO;
				GCC_WARN_UNUSED_VARIABLE = NO;
				HEADER_SEARCH_PATHS = (
					"$(OF_CORE_HEADERS)",
					../../../addons/ofxXmlSettings/libs,
					../../../addons/ofxXmlSettings/src,
					../../../addons/ofxMSAInteractiveObject/libs,
					../../../addons/ofxMSAInteractiveObject/src,
					../../../addons/ofxProjectorBlend/libs,
					../../../addons/ofxProjectorBlend/src,
					../../../addons/ofxSimpleGuiToo/libs,
					../../../addons/ofxSimpleGuiToo/src,
					../../../addons/ofxSimpleGuiToo/src/Controls,
				);
				OTHER_CPLUSPLUSFLAGS = (
					"-D__MACOSX_CORE__",
					"-lpthread",
					"-mtune=native",
				);
				SDKROOT = macosx;
			};
			name = Release;
		};
		E4B69B600A3A1757003C02F2 /* Debug */ = {
			isa = XCBuildConfiguration;
			buildSettings = {
				COPY_PHASE_STRIP = NO;
				FRAMEWORK_SEARCH_PATHS = (
					"$(inherited)",
					"$(FRAMEWORK_SEARCH_PATHS_QUOTED_FOR_TARGET_1)",
				);
				FRAMEWORK_SEARCH_PATHS_QUOTED_FOR_TARGET_1 = "\"$(SRCROOT)/../../../libs/glut/lib/osx\"";
				GCC_DYNAMIC_NO_PIC = NO;
				GCC_ENABLE_FIX_AND_CONTINUE = YES;
				GCC_GENERATE_DEBUGGING_SYMBOLS = YES;
				GCC_MODEL_TUNING = NONE;
				GCC_PRECOMPILE_PREFIX_HEADER = YES;
				GCC_PREFIX_HEADER = "$(SYSTEM_LIBRARY_DIR)/Frameworks/Carbon.framework/Headers/Carbon.h";
				INFOPLIST_FILE = "openFrameworks-Info.plist";
				INSTALL_PATH = "$(HOME)/Applications";
				LIBRARY_SEARCH_PATHS = (
					"$(inherited)",
					"$(LIBRARY_SEARCH_PATHS_QUOTED_FOR_TARGET_1)",
					"$(LIBRARY_SEARCH_PATHS_QUOTED_FOR_TARGET_2)",
					"$(LIBRARY_SEARCH_PATHS_QUOTED_FOR_TARGET_3)",
					"$(LIBRARY_SEARCH_PATHS_QUOTED_FOR_TARGET_4)",
					"$(LIBRARY_SEARCH_PATHS_QUOTED_FOR_TARGET_5)",
					"$(LIBRARY_SEARCH_PATHS_QUOTED_FOR_TARGET_6)",
					"$(LIBRARY_SEARCH_PATHS_QUOTED_FOR_TARGET_7)",
					"$(LIBRARY_SEARCH_PATHS_QUOTED_FOR_TARGET_8)",
					"$(LIBRARY_SEARCH_PATHS_QUOTED_FOR_TARGET_9)",
					"$(LIBRARY_SEARCH_PATHS_QUOTED_FOR_TARGET_10)",
					"$(LIBRARY_SEARCH_PATHS_QUOTED_FOR_TARGET_11)",
					"$(LIBRARY_SEARCH_PATHS_QUOTED_FOR_TARGET_12)",
					"$(LIBRARY_SEARCH_PATHS_QUOTED_FOR_TARGET_13)",
					"$(LIBRARY_SEARCH_PATHS_QUOTED_FOR_TARGET_14)",
					"$(LIBRARY_SEARCH_PATHS_QUOTED_FOR_TARGET_15)",
					"$(LIBRARY_SEARCH_PATHS_QUOTED_FOR_TARGET_2)",
					"$(LIBRARY_SEARCH_PATHS_QUOTED_FOR_TARGET_3)",
					"$(LIBRARY_SEARCH_PATHS_QUOTED_FOR_TARGET_7)",
					"$(LIBRARY_SEARCH_PATHS_QUOTED_FOR_TARGET_8)",
					"$(LIBRARY_SEARCH_PATHS_QUOTED_FOR_TARGET_9)",
					"$(LIBRARY_SEARCH_PATHS_QUOTED_FOR_TARGET_10)",
					"$(LIBRARY_SEARCH_PATHS_QUOTED_FOR_TARGET_11)",
					"$(LIBRARY_SEARCH_PATHS_QUOTED_FOR_TARGET_12)",
					"$(LIBRARY_SEARCH_PATHS_QUOTED_FOR_TARGET_13)",
					"$(LIBRARY_SEARCH_PATHS_QUOTED_FOR_TARGET_16)",
					"$(LIBRARY_SEARCH_PATHS_QUOTED_FOR_TARGET_17)",
					"$(LIBRARY_SEARCH_PATHS_QUOTED_FOR_TARGET_18)",
					"$(LIBRARY_SEARCH_PATHS_QUOTED_FOR_TARGET_19)",
					"$(LIBRARY_SEARCH_PATHS_QUOTED_FOR_TARGET_20)",
					"$(LIBRARY_SEARCH_PATHS_QUOTED_FOR_TARGET_21)",
					"$(LIBRARY_SEARCH_PATHS_QUOTED_FOR_TARGET_22)",
					"$(LIBRARY_SEARCH_PATHS_QUOTED_FOR_TARGET_23)",
					"$(LIBRARY_SEARCH_PATHS_QUOTED_FOR_TARGET_24)",
					"$(LIBRARY_SEARCH_PATHS_QUOTED_FOR_TARGET_25)",
					"$(LIBRARY_SEARCH_PATHS_QUOTED_FOR_TARGET_26)",
					"$(LIBRARY_SEARCH_PATHS_QUOTED_FOR_TARGET_27)",
					"$(LIBRARY_SEARCH_PATHS_QUOTED_FOR_TARGET_28)",
					"$(LIBRARY_SEARCH_PATHS_QUOTED_FOR_TARGET_29)",
					"$(LIBRARY_SEARCH_PATHS_QUOTED_FOR_TARGET_30)",
					"$(LIBRARY_SEARCH_PATHS_QUOTED_FOR_TARGET_31)",
					"$(LIBRARY_SEARCH_PATHS_QUOTED_FOR_TARGET_32)",
					"$(LIBRARY_SEARCH_PATHS_QUOTED_FOR_TARGET_33)",
					"$(LIBRARY_SEARCH_PATHS_QUOTED_FOR_TARGET_34)",
					"$(LIBRARY_SEARCH_PATHS_QUOTED_FOR_TARGET_35)",
					"$(LIBRARY_SEARCH_PATHS_QUOTED_FOR_TARGET_36)",
					"$(LIBRARY_SEARCH_PATHS_QUOTED_FOR_TARGET_37)",
					"$(LIBRARY_SEARCH_PATHS_QUOTED_FOR_TARGET_38)",
					"$(LIBRARY_SEARCH_PATHS_QUOTED_FOR_TARGET_39)",
					"$(LIBRARY_SEARCH_PATHS_QUOTED_FOR_TARGET_40)",
					"$(LIBRARY_SEARCH_PATHS_QUOTED_FOR_TARGET_41)",
					"$(LIBRARY_SEARCH_PATHS_QUOTED_FOR_TARGET_42)",
					"$(LIBRARY_SEARCH_PATHS_QUOTED_FOR_TARGET_43)",
					"$(LIBRARY_SEARCH_PATHS_QUOTED_FOR_TARGET_44)",
					"$(LIBRARY_SEARCH_PATHS_QUOTED_FOR_TARGET_45)",
					"$(LIBRARY_SEARCH_PATHS_QUOTED_FOR_TARGET_46)",
					"$(LIBRARY_SEARCH_PATHS_QUOTED_FOR_TARGET_47)",
					"$(LIBRARY_SEARCH_PATHS_QUOTED_FOR_TARGET_48)",
					"$(LIBRARY_SEARCH_PATHS_QUOTED_FOR_TARGET_49)",
					"$(LIBRARY_SEARCH_PATHS_QUOTED_FOR_TARGET_50)",
					"$(LIBRARY_SEARCH_PATHS_QUOTED_FOR_TARGET_51)",
					"$(LIBRARY_SEARCH_PATHS_QUOTED_FOR_TARGET_52)",
				);
				PREBINDING = NO;
				PRODUCT_NAME = "$(TARGET_NAME)Debug";
				WRAPPER_EXTENSION = app;
			};
			name = Debug;
		};
		E4B69B610A3A1757003C02F2 /* Release */ = {
			isa = XCBuildConfiguration;
			buildSettings = {
				COPY_PHASE_STRIP = YES;
				FRAMEWORK_SEARCH_PATHS = (
					"$(inherited)",
					"$(FRAMEWORK_SEARCH_PATHS_QUOTED_FOR_TARGET_1)",
				);
				FRAMEWORK_SEARCH_PATHS_QUOTED_FOR_TARGET_1 = "\"$(SRCROOT)/../../../libs/glut/lib/osx\"";
				GCC_ENABLE_FIX_AND_CONTINUE = NO;
				GCC_GENERATE_DEBUGGING_SYMBOLS = YES;
				GCC_MODEL_TUNING = NONE;
				GCC_PRECOMPILE_PREFIX_HEADER = YES;
				GCC_PREFIX_HEADER = "$(SYSTEM_LIBRARY_DIR)/Frameworks/Carbon.framework/Headers/Carbon.h";
				INFOPLIST_FILE = "openFrameworks-Info.plist";
				INSTALL_PATH = "$(HOME)/Applications";
				LIBRARY_SEARCH_PATHS = (
					"$(inherited)",
					"$(LIBRARY_SEARCH_PATHS_QUOTED_FOR_TARGET_1)",
					"$(LIBRARY_SEARCH_PATHS_QUOTED_FOR_TARGET_2)",
					"$(LIBRARY_SEARCH_PATHS_QUOTED_FOR_TARGET_3)",
					"$(LIBRARY_SEARCH_PATHS_QUOTED_FOR_TARGET_4)",
					"$(LIBRARY_SEARCH_PATHS_QUOTED_FOR_TARGET_5)",
					"$(LIBRARY_SEARCH_PATHS_QUOTED_FOR_TARGET_6)",
					"$(LIBRARY_SEARCH_PATHS_QUOTED_FOR_TARGET_7)",
					"$(LIBRARY_SEARCH_PATHS_QUOTED_FOR_TARGET_8)",
					"$(LIBRARY_SEARCH_PATHS_QUOTED_FOR_TARGET_9)",
					"$(LIBRARY_SEARCH_PATHS_QUOTED_FOR_TARGET_10)",
					"$(LIBRARY_SEARCH_PATHS_QUOTED_FOR_TARGET_11)",
					"$(LIBRARY_SEARCH_PATHS_QUOTED_FOR_TARGET_12)",
					"$(LIBRARY_SEARCH_PATHS_QUOTED_FOR_TARGET_13)",
					"$(LIBRARY_SEARCH_PATHS_QUOTED_FOR_TARGET_14)",
					"$(LIBRARY_SEARCH_PATHS_QUOTED_FOR_TARGET_15)",
					"$(LIBRARY_SEARCH_PATHS_QUOTED_FOR_TARGET_2)",
					"$(LIBRARY_SEARCH_PATHS_QUOTED_1)",
					"$(LIBRARY_SEARCH_PATHS_QUOTED_FOR_TARGET_3)",
					"$(LIBRARY_SEARCH_PATHS_QUOTED_FOR_TARGET_7)",
					"$(LIBRARY_SEARCH_PATHS_QUOTED_FOR_TARGET_8)",
					"$(LIBRARY_SEARCH_PATHS_QUOTED_FOR_TARGET_9)",
					"$(LIBRARY_SEARCH_PATHS_QUOTED_FOR_TARGET_10)",
					"$(LIBRARY_SEARCH_PATHS_QUOTED_FOR_TARGET_11)",
					"$(LIBRARY_SEARCH_PATHS_QUOTED_FOR_TARGET_12)",
					"$(LIBRARY_SEARCH_PATHS_QUOTED_FOR_TARGET_13)",
					"$(LIBRARY_SEARCH_PATHS_QUOTED_FOR_TARGET_16)",
					"$(LIBRARY_SEARCH_PATHS_QUOTED_FOR_TARGET_17)",
					"$(LIBRARY_SEARCH_PATHS_QUOTED_FOR_TARGET_18)",
					"$(LIBRARY_SEARCH_PATHS_QUOTED_FOR_TARGET_19)",
					"$(LIBRARY_SEARCH_PATHS_QUOTED_FOR_TARGET_20)",
					"$(LIBRARY_SEARCH_PATHS_QUOTED_FOR_TARGET_21)",
					"$(LIBRARY_SEARCH_PATHS_QUOTED_FOR_TARGET_22)",
					"$(LIBRARY_SEARCH_PATHS_QUOTED_FOR_TARGET_23)",
					"$(LIBRARY_SEARCH_PATHS_QUOTED_FOR_TARGET_24)",
					"$(LIBRARY_SEARCH_PATHS_QUOTED_FOR_TARGET_25)",
					"$(LIBRARY_SEARCH_PATHS_QUOTED_FOR_TARGET_26)",
					"$(LIBRARY_SEARCH_PATHS_QUOTED_FOR_TARGET_27)",
					"$(LIBRARY_SEARCH_PATHS_QUOTED_FOR_TARGET_28)",
					"$(LIBRARY_SEARCH_PATHS_QUOTED_FOR_TARGET_29)",
					"$(LIBRARY_SEARCH_PATHS_QUOTED_FOR_TARGET_30)",
					"$(LIBRARY_SEARCH_PATHS_QUOTED_FOR_TARGET_31)",
					"$(LIBRARY_SEARCH_PATHS_QUOTED_FOR_TARGET_32)",
					"$(LIBRARY_SEARCH_PATHS_QUOTED_FOR_TARGET_33)",
					"$(LIBRARY_SEARCH_PATHS_QUOTED_FOR_TARGET_34)",
					"$(LIBRARY_SEARCH_PATHS_QUOTED_FOR_TARGET_35)",
					"$(LIBRARY_SEARCH_PATHS_QUOTED_FOR_TARGET_36)",
					"$(LIBRARY_SEARCH_PATHS_QUOTED_FOR_TARGET_37)",
					"$(LIBRARY_SEARCH_PATHS_QUOTED_FOR_TARGET_38)",
					"$(LIBRARY_SEARCH_PATHS_QUOTED_FOR_TARGET_39)",
					"$(LIBRARY_SEARCH_PATHS_QUOTED_FOR_TARGET_40)",
					"$(LIBRARY_SEARCH_PATHS_QUOTED_FOR_TARGET_41)",
					"$(LIBRARY_SEARCH_PATHS_QUOTED_FOR_TARGET_42)",
					"$(LIBRARY_SEARCH_PATHS_QUOTED_FOR_TARGET_43)",
					"$(LIBRARY_SEARCH_PATHS_QUOTED_FOR_TARGET_44)",
					"$(LIBRARY_SEARCH_PATHS_QUOTED_FOR_TARGET_45)",
					"$(LIBRARY_SEARCH_PATHS_QUOTED_FOR_TARGET_46)",
					"$(LIBRARY_SEARCH_PATHS_QUOTED_FOR_TARGET_47)",
					"$(LIBRARY_SEARCH_PATHS_QUOTED_FOR_TARGET_48)",
					"$(LIBRARY_SEARCH_PATHS_QUOTED_FOR_TARGET_49)",
					"$(LIBRARY_SEARCH_PATHS_QUOTED_FOR_TARGET_50)",
					"$(LIBRARY_SEARCH_PATHS_QUOTED_FOR_TARGET_51)",
				);
				PREBINDING = NO;
				PRODUCT_NAME = "$(TARGET_NAME)";
				WRAPPER_EXTENSION = app;
			};
			name = Release;
		};
/* End XCBuildConfiguration section */

/* Begin XCConfigurationList section */
		E4B69B4D0A3A1720003C02F2 /* Build configuration list for PBXProject "guiControls" */ = {
			isa = XCConfigurationList;
			buildConfigurations = (
				E4B69B4E0A3A1720003C02F2 /* Debug */,
				E4B69B4F0A3A1720003C02F2 /* Release */,
			);
			defaultConfigurationIsVisible = 0;
			defaultConfigurationName = Release;
		};
		E4B69B5F0A3A1757003C02F2 /* Build configuration list for PBXNativeTarget "guiControls" */ = {
			isa = XCConfigurationList;
			buildConfigurations = (
				E4B69B600A3A1757003C02F2 /* Debug */,
				E4B69B610A3A1757003C02F2 /* Release */,
			);
			defaultConfigurationIsVisible = 0;
			defaultConfigurationName = Release;
		};
/* End XCConfigurationList section */
	};
	rootObject = E4B69B4C0A3A1720003C02F2 /* Project object */;
}
